// !$*UTF8*$!
{
	archiveVersion = 1;
	classes = {
	};
	objectVersion = 56;
	objects = {

/* Begin PBXBuildFile section */
		1D0E36052A47921C00CB80FE /* RegistrationView.swift in Sources */ = {isa = PBXBuildFile; fileRef = 1D0E36042A47921C00CB80FE /* RegistrationView.swift */; };
		1D0E36072A47923100CB80FE /* AuthorizationView.swift in Sources */ = {isa = PBXBuildFile; fileRef = 1D0E36062A47923100CB80FE /* AuthorizationView.swift */; };
		1D0E360A2A4860E600CB80FE /* WebView.swift in Sources */ = {isa = PBXBuildFile; fileRef = 1D0E36092A4860E600CB80FE /* WebView.swift */; };
		1D27FD342A44C871006C9359 /* CryptoMetricsSwiftUIApp.swift in Sources */ = {isa = PBXBuildFile; fileRef = 1D27FD332A44C871006C9359 /* CryptoMetricsSwiftUIApp.swift */; };
		1D27FD362A44C871006C9359 /* HomeView.swift in Sources */ = {isa = PBXBuildFile; fileRef = 1D27FD352A44C871006C9359 /* HomeView.swift */; };
		1D27FD382A44C874006C9359 /* Assets.xcassets in Resources */ = {isa = PBXBuildFile; fileRef = 1D27FD372A44C874006C9359 /* Assets.xcassets */; };
		1D27FD3B2A44C874006C9359 /* Preview Assets.xcassets in Resources */ = {isa = PBXBuildFile; fileRef = 1D27FD3A2A44C874006C9359 /* Preview Assets.xcassets */; };
		1D27FD442A44D1AF006C9359 /* LaunchScreen.swift in Sources */ = {isa = PBXBuildFile; fileRef = 1D27FD432A44D1AF006C9359 /* LaunchScreen.swift */; };
		1D351A7F2A465A48005832E3 /* ProcentView.swift in Sources */ = {isa = PBXBuildFile; fileRef = 1D351A7E2A465A48005832E3 /* ProcentView.swift */; };
		1D351A812A46AF2B005832E3 /* CoinDetailView.swift in Sources */ = {isa = PBXBuildFile; fileRef = 1D351A802A46AF2B005832E3 /* CoinDetailView.swift */; };
		1D351A892A46CD13005832E3 /* GraphAPIManager.swift in Sources */ = {isa = PBXBuildFile; fileRef = 1D351A882A46CD13005832E3 /* GraphAPIManager.swift */; };
		1D3B59D12A5C551000052BA3 /* ApiManagerCoinStats.swift in Sources */ = {isa = PBXBuildFile; fileRef = 1D3B59D02A5C551000052BA3 /* ApiManagerCoinStats.swift */; };
		1D3B59D62A5C55EC00052BA3 /* CoinStatsModelToken.swift in Sources */ = {isa = PBXBuildFile; fileRef = 1D3B59D52A5C55EC00052BA3 /* CoinStatsModelToken.swift */; };
		1D7FD4FE2A44E1B900293F10 /* TokenView.swift in Sources */ = {isa = PBXBuildFile; fileRef = 1D7FD4FD2A44E1B900293F10 /* TokenView.swift */; };
		1D7FD5002A44EC3600293F10 /* ProfileView.swift in Sources */ = {isa = PBXBuildFile; fileRef = 1D7FD4FF2A44EC3600293F10 /* ProfileView.swift */; };
		1D7FD5022A44EC4C00293F10 /* OtherView.swift in Sources */ = {isa = PBXBuildFile; fileRef = 1D7FD5012A44EC4C00293F10 /* OtherView.swift */; };
		1D7FD5052A44F16B00293F10 /* TapBarView.swift in Sources */ = {isa = PBXBuildFile; fileRef = 1D7FD5042A44F16B00293F10 /* TapBarView.swift */; };
		1D84164D2A5D53A900E92552 /* APIManagerExch.swift in Sources */ = {isa = PBXBuildFile; fileRef = 1D84164C2A5D53A900E92552 /* APIManagerExch.swift */; };
		1D8416522A5D53FC00E92552 /* ExchModel.swift in Sources */ = {isa = PBXBuildFile; fileRef = 1D8416512A5D53FC00E92552 /* ExchModel.swift */; };
		1D8416562A5D562A00E92552 /* cardViewExch.swift in Sources */ = {isa = PBXBuildFile; fileRef = 1D8416552A5D562A00E92552 /* cardViewExch.swift */; };
		1D8416582A5D62B200E92552 /* NewsCSManager.swift in Sources */ = {isa = PBXBuildFile; fileRef = 1D8416572A5D62B200E92552 /* NewsCSManager.swift */; };
		1D84165B2A5D62D500E92552 /* NewsModel.swift in Sources */ = {isa = PBXBuildFile; fileRef = 1D84165A2A5D62D500E92552 /* NewsModel.swift */; };
		1D84165D2A5D65D200E92552 /* cardViewNews.swift in Sources */ = {isa = PBXBuildFile; fileRef = 1D84165C2A5D65D200E92552 /* cardViewNews.swift */; };
		1DA3F8372A4723D6006997B8 /* Formatters.swift in Sources */ = {isa = PBXBuildFile; fileRef = 1DA3F8362A4723D6006997B8 /* Formatters.swift */; };
		1DCFEA422A458D6C0044CAD4 /* TableView.swift in Sources */ = {isa = PBXBuildFile; fileRef = 1DCFEA412A458D6C0044CAD4 /* TableView.swift */; };
		1DCFEA442A458F900044CAD4 /* GraphView.swift in Sources */ = {isa = PBXBuildFile; fileRef = 1DCFEA432A458F900044CAD4 /* GraphView.swift */; };
		1DCFEA462A458FB70044CAD4 /* APIManager.swift in Sources */ = {isa = PBXBuildFile; fileRef = 1DCFEA452A458FB70044CAD4 /* APIManager.swift */; };
		1DCFEA492A458FEF0044CAD4 /* CoinData.swift in Sources */ = {isa = PBXBuildFile; fileRef = 1DCFEA482A458FEF0044CAD4 /* CoinData.swift */; };
		1DDC812A2A59E98500AEA3BB /* GoogleService-Info.plist in Resources */ = {isa = PBXBuildFile; fileRef = 1DDC81292A59E98500AEA3BB /* GoogleService-Info.plist */; };
		1DDC812D2A59E9ED00AEA3BB /* FirebaseAuth in Frameworks */ = {isa = PBXBuildFile; productRef = 1DDC812C2A59E9ED00AEA3BB /* FirebaseAuth */; };
		1DDC812F2A59E9ED00AEA3BB /* FirebaseDatabase in Frameworks */ = {isa = PBXBuildFile; productRef = 1DDC812E2A59E9ED00AEA3BB /* FirebaseDatabase */; };
		1DDC81312A59E9ED00AEA3BB /* FirebaseFirestore in Frameworks */ = {isa = PBXBuildFile; productRef = 1DDC81302A59E9ED00AEA3BB /* FirebaseFirestore */; };
		1DDC81332A59E9ED00AEA3BB /* FirebaseStorage in Frameworks */ = {isa = PBXBuildFile; productRef = 1DDC81322A59E9ED00AEA3BB /* FirebaseStorage */; };
		1DDC81362A59EA1200AEA3BB /* GoogleSignIn in Frameworks */ = {isa = PBXBuildFile; productRef = 1DDC81352A59EA1200AEA3BB /* GoogleSignIn */; };
		1DDC81382A59EA1200AEA3BB /* GoogleSignInSwift in Frameworks */ = {isa = PBXBuildFile; productRef = 1DDC81372A59EA1200AEA3BB /* GoogleSignInSwift */; };
		1DDC813A2A59EAC400AEA3BB /* AuthService.swift in Sources */ = {isa = PBXBuildFile; fileRef = 1DDC81392A59EAC400AEA3BB /* AuthService.swift */; };
		1DDC813D2A59EB3300AEA3BB /* extensionsSrv.swift in Sources */ = {isa = PBXBuildFile; fileRef = 1DDC813C2A59EB3300AEA3BB /* extensionsSrv.swift */; };
		1DDC813F2A59EB9600AEA3BB /* +View.swift in Sources */ = {isa = PBXBuildFile; fileRef = 1DDC813E2A59EB9600AEA3BB /* +View.swift */; };
		1DDC81422A5A9CF800AEA3BB /* cardViewToken.swift in Sources */ = {isa = PBXBuildFile; fileRef = 1DDC81412A5A9CF800AEA3BB /* cardViewToken.swift */; };
		1DDC81452A5ACCA700AEA3BB /* aboutView.swift in Sources */ = {isa = PBXBuildFile; fileRef = 1DDC81442A5ACCA700AEA3BB /* aboutView.swift */; };
/* End PBXBuildFile section */

/* Begin PBXFileReference section */
		1D0E36042A47921C00CB80FE /* RegistrationView.swift */ = {isa = PBXFileReference; lastKnownFileType = sourcecode.swift; path = RegistrationView.swift; sourceTree = "<group>"; };
		1D0E36062A47923100CB80FE /* AuthorizationView.swift */ = {isa = PBXFileReference; lastKnownFileType = sourcecode.swift; path = AuthorizationView.swift; sourceTree = "<group>"; };
		1D0E36092A4860E600CB80FE /* WebView.swift */ = {isa = PBXFileReference; lastKnownFileType = sourcecode.swift; path = WebView.swift; sourceTree = "<group>"; };
		1D27FD302A44C871006C9359 /* CryptoMetricsSwiftUI.app */ = {isa = PBXFileReference; explicitFileType = wrapper.application; includeInIndex = 0; path = CryptoMetricsSwiftUI.app; sourceTree = BUILT_PRODUCTS_DIR; };
		1D27FD332A44C871006C9359 /* CryptoMetricsSwiftUIApp.swift */ = {isa = PBXFileReference; lastKnownFileType = sourcecode.swift; path = CryptoMetricsSwiftUIApp.swift; sourceTree = "<group>"; };
		1D27FD352A44C871006C9359 /* HomeView.swift */ = {isa = PBXFileReference; lastKnownFileType = sourcecode.swift; name = HomeView.swift; path = "../New Group/HomeView.swift"; sourceTree = "<group>"; };
		1D27FD372A44C874006C9359 /* Assets.xcassets */ = {isa = PBXFileReference; lastKnownFileType = folder.assetcatalog; path = Assets.xcassets; sourceTree = "<group>"; };
		1D27FD3A2A44C874006C9359 /* Preview Assets.xcassets */ = {isa = PBXFileReference; lastKnownFileType = folder.assetcatalog; path = "Preview Assets.xcassets"; sourceTree = "<group>"; };
		1D27FD432A44D1AF006C9359 /* LaunchScreen.swift */ = {isa = PBXFileReference; lastKnownFileType = sourcecode.swift; path = LaunchScreen.swift; sourceTree = "<group>"; };
		1D351A7E2A465A48005832E3 /* ProcentView.swift */ = {isa = PBXFileReference; lastKnownFileType = sourcecode.swift; path = ProcentView.swift; sourceTree = "<group>"; };
		1D351A802A46AF2B005832E3 /* CoinDetailView.swift */ = {isa = PBXFileReference; lastKnownFileType = sourcecode.swift; path = CoinDetailView.swift; sourceTree = "<group>"; };
		1D351A882A46CD13005832E3 /* GraphAPIManager.swift */ = {isa = PBXFileReference; lastKnownFileType = sourcecode.swift; path = GraphAPIManager.swift; sourceTree = "<group>"; };
		1D3B59D02A5C551000052BA3 /* ApiManagerCoinStats.swift */ = {isa = PBXFileReference; lastKnownFileType = sourcecode.swift; path = ApiManagerCoinStats.swift; sourceTree = "<group>"; };
		1D3B59D52A5C55EC00052BA3 /* CoinStatsModelToken.swift */ = {isa = PBXFileReference; lastKnownFileType = sourcecode.swift; path = CoinStatsModelToken.swift; sourceTree = "<group>"; };
		1D7FD4FD2A44E1B900293F10 /* TokenView.swift */ = {isa = PBXFileReference; lastKnownFileType = sourcecode.swift; path = TokenView.swift; sourceTree = "<group>"; };
		1D7FD4FF2A44EC3600293F10 /* ProfileView.swift */ = {isa = PBXFileReference; lastKnownFileType = sourcecode.swift; path = ProfileView.swift; sourceTree = "<group>"; };
		1D7FD5012A44EC4C00293F10 /* OtherView.swift */ = {isa = PBXFileReference; lastKnownFileType = sourcecode.swift; path = OtherView.swift; sourceTree = "<group>"; };
		1D7FD5042A44F16B00293F10 /* TapBarView.swift */ = {isa = PBXFileReference; lastKnownFileType = sourcecode.swift; path = TapBarView.swift; sourceTree = "<group>"; };
		1D84164C2A5D53A900E92552 /* APIManagerExch.swift */ = {isa = PBXFileReference; lastKnownFileType = sourcecode.swift; path = APIManagerExch.swift; sourceTree = "<group>"; };
		1D8416512A5D53FC00E92552 /* ExchModel.swift */ = {isa = PBXFileReference; lastKnownFileType = sourcecode.swift; path = ExchModel.swift; sourceTree = "<group>"; };
		1D8416552A5D562A00E92552 /* cardViewExch.swift */ = {isa = PBXFileReference; lastKnownFileType = sourcecode.swift; path = cardViewExch.swift; sourceTree = "<group>"; };
		1D8416572A5D62B200E92552 /* NewsCSManager.swift */ = {isa = PBXFileReference; lastKnownFileType = sourcecode.swift; path = NewsCSManager.swift; sourceTree = "<group>"; };
		1D84165A2A5D62D500E92552 /* NewsModel.swift */ = {isa = PBXFileReference; lastKnownFileType = sourcecode.swift; path = NewsModel.swift; sourceTree = "<group>"; };
		1D84165C2A5D65D200E92552 /* cardViewNews.swift */ = {isa = PBXFileReference; lastKnownFileType = sourcecode.swift; path = cardViewNews.swift; sourceTree = "<group>"; };
		1DA3F8362A4723D6006997B8 /* Formatters.swift */ = {isa = PBXFileReference; lastKnownFileType = sourcecode.swift; path = Formatters.swift; sourceTree = "<group>"; };
		1DCFEA412A458D6C0044CAD4 /* TableView.swift */ = {isa = PBXFileReference; lastKnownFileType = sourcecode.swift; path = TableView.swift; sourceTree = "<group>"; };
		1DCFEA432A458F900044CAD4 /* GraphView.swift */ = {isa = PBXFileReference; lastKnownFileType = sourcecode.swift; path = GraphView.swift; sourceTree = "<group>"; };
		1DCFEA452A458FB70044CAD4 /* APIManager.swift */ = {isa = PBXFileReference; lastKnownFileType = sourcecode.swift; path = APIManager.swift; sourceTree = "<group>"; };
		1DCFEA482A458FEF0044CAD4 /* CoinData.swift */ = {isa = PBXFileReference; lastKnownFileType = sourcecode.swift; path = CoinData.swift; sourceTree = "<group>"; };
		1DDC81292A59E98500AEA3BB /* GoogleService-Info.plist */ = {isa = PBXFileReference; fileEncoding = 4; lastKnownFileType = text.plist.xml; path = "GoogleService-Info.plist"; sourceTree = "<group>"; };
		1DDC81392A59EAC400AEA3BB /* AuthService.swift */ = {isa = PBXFileReference; lastKnownFileType = sourcecode.swift; path = AuthService.swift; sourceTree = "<group>"; };
		1DDC813C2A59EB3300AEA3BB /* extensionsSrv.swift */ = {isa = PBXFileReference; lastKnownFileType = sourcecode.swift; path = extensionsSrv.swift; sourceTree = "<group>"; };
		1DDC813E2A59EB9600AEA3BB /* +View.swift */ = {isa = PBXFileReference; lastKnownFileType = sourcecode.swift; path = "+View.swift"; sourceTree = "<group>"; };
		1DDC81402A59EBF300AEA3BB /* Info.plist */ = {isa = PBXFileReference; lastKnownFileType = text.plist; path = Info.plist; sourceTree = "<group>"; };
		1DDC81412A5A9CF800AEA3BB /* cardViewToken.swift */ = {isa = PBXFileReference; lastKnownFileType = sourcecode.swift; path = cardViewToken.swift; sourceTree = "<group>"; };
		1DDC81442A5ACCA700AEA3BB /* aboutView.swift */ = {isa = PBXFileReference; lastKnownFileType = sourcecode.swift; path = aboutView.swift; sourceTree = "<group>"; };
/* End PBXFileReference section */

/* Begin PBXFrameworksBuildPhase section */
		1D27FD2D2A44C871006C9359 /* Frameworks */ = {
			isa = PBXFrameworksBuildPhase;
			buildActionMask = 2147483647;
			files = (
				1DDC81362A59EA1200AEA3BB /* GoogleSignIn in Frameworks */,
				1DDC812F2A59E9ED00AEA3BB /* FirebaseDatabase in Frameworks */,
				1DDC81332A59E9ED00AEA3BB /* FirebaseStorage in Frameworks */,
				1DDC81382A59EA1200AEA3BB /* GoogleSignInSwift in Frameworks */,
				1DDC812D2A59E9ED00AEA3BB /* FirebaseAuth in Frameworks */,
				1DDC81312A59E9ED00AEA3BB /* FirebaseFirestore in Frameworks */,
			);
			runOnlyForDeploymentPostprocessing = 0;
		};
/* End PBXFrameworksBuildPhase section */

/* Begin PBXGroup section */
		1D0E36082A47924100CB80FE /* Reg.Auth */ = {
			isa = PBXGroup;
			children = (
				1D0E36062A47923100CB80FE /* AuthorizationView.swift */,
				1D0E36042A47921C00CB80FE /* RegistrationView.swift */,
			);
			path = Reg.Auth;
			sourceTree = "<group>";
		};
		1D27FD272A44C871006C9359 = {
			isa = PBXGroup;
			children = (
				1D27FD322A44C871006C9359 /* CryptoMetricsSwiftUI */,
				1D27FD312A44C871006C9359 /* Products */,
			);
			sourceTree = "<group>";
		};
		1D27FD312A44C871006C9359 /* Products */ = {
			isa = PBXGroup;
			children = (
				1D27FD302A44C871006C9359 /* CryptoMetricsSwiftUI.app */,
			);
			name = Products;
			sourceTree = "<group>";
		};
		1D27FD322A44C871006C9359 /* CryptoMetricsSwiftUI */ = {
			isa = PBXGroup;
			children = (
				1D27FD392A44C874006C9359 /* Preview Content */,
				1D27FD372A44C874006C9359 /* Assets.xcassets */,
				1DDC81402A59EBF300AEA3BB /* Info.plist */,
				1D27FD332A44C871006C9359 /* CryptoMetricsSwiftUIApp.swift */,
				1D27FD432A44D1AF006C9359 /* LaunchScreen.swift */,
				1DCFEA472A458FBD0044CAD4 /* ApiControllers */,
				1D7FD5062A44F17000293F10 /* Service */,
				1D7FD4F92A44DE3400293F10 /* Screens */,
			);
			path = CryptoMetricsSwiftUI;
			sourceTree = "<group>";
		};
		1D27FD392A44C874006C9359 /* Preview Content */ = {
			isa = PBXGroup;
			children = (
				1D27FD3A2A44C874006C9359 /* Preview Assets.xcassets */,
			);
			path = "Preview Content";
			sourceTree = "<group>";
		};
		1D351A842A46CCCD005832E3 /* For Coins */ = {
			isa = PBXGroup;
			children = (
				1D84164E2A5D53BB00E92552 /* CoinGecko */,
				1D351A872A46CCF4005832E3 /* For Graph */,
				1D3B59D22A5C554400052BA3 /* CoinStatsApi */,
			);
			path = "For Coins";
			sourceTree = "<group>";
		};
		1D351A872A46CCF4005832E3 /* For Graph */ = {
			isa = PBXGroup;
			children = (
				1D351A882A46CD13005832E3 /* GraphAPIManager.swift */,
			);
			path = "For Graph";
			sourceTree = "<group>";
		};
		1D3B59D22A5C554400052BA3 /* CoinStatsApi */ = {
			isa = PBXGroup;
			children = (
				1D3B59D02A5C551000052BA3 /* ApiManagerCoinStats.swift */,
				1D3B59D52A5C55EC00052BA3 /* CoinStatsModelToken.swift */,
				1D8416592A5D62B900E92552 /* NewsManager */,
			);
			path = CoinStatsApi;
			sourceTree = "<group>";
		};
		1D7FD4F92A44DE3400293F10 /* Screens */ = {
			isa = PBXGroup;
			children = (
				1D0E36082A47924100CB80FE /* Reg.Auth */,
				1D27FD352A44C871006C9359 /* HomeView.swift */,
				1D7FD4FD2A44E1B900293F10 /* TokenView.swift */,
				1D7FD4FF2A44EC3600293F10 /* ProfileView.swift */,
				1D7FD5012A44EC4C00293F10 /* OtherView.swift */,
				1D351A802A46AF2B005832E3 /* CoinDetailView.swift */,
				1DDC81292A59E98500AEA3BB /* GoogleService-Info.plist */,
				1DDC81442A5ACCA700AEA3BB /* aboutView.swift */,
			);
			path = Screens;
			sourceTree = "<group>";
		};
		1D7FD5062A44F17000293F10 /* Service */ = {
			isa = PBXGroup;
			children = (
				1D7FD5042A44F16B00293F10 /* TapBarView.swift */,
				1DCFEA412A458D6C0044CAD4 /* TableView.swift */,
				1DCFEA432A458F900044CAD4 /* GraphView.swift */,
				1D351A7E2A465A48005832E3 /* ProcentView.swift */,
				1DA3F8362A4723D6006997B8 /* Formatters.swift */,
				1D0E36092A4860E600CB80FE /* WebView.swift */,
				1DDC813B2A59EAC800AEA3BB /* Reg.Auth.Service */,
				1DDC81432A5A9D0000AEA3BB /* cardView */,
			);
			path = Service;
			sourceTree = "<group>";
		};
		1D84164E2A5D53BB00E92552 /* CoinGecko */ = {
			isa = PBXGroup;
			children = (
				1D84164F2A5D53C900E92552 /* Coins */,
				1D8416502A5D53DB00E92552 /* Exchanges */,
			);
			path = CoinGecko;
			sourceTree = "<group>";
		};
		1D84164F2A5D53C900E92552 /* Coins */ = {
			isa = PBXGroup;
			children = (
				1DCFEA452A458FB70044CAD4 /* APIManager.swift */,
				1DCFEA482A458FEF0044CAD4 /* CoinData.swift */,
			);
			path = Coins;
			sourceTree = "<group>";
		};
		1D8416502A5D53DB00E92552 /* Exchanges */ = {
			isa = PBXGroup;
			children = (
				1D84164C2A5D53A900E92552 /* APIManagerExch.swift */,
				1D8416512A5D53FC00E92552 /* ExchModel.swift */,
			);
			path = Exchanges;
			sourceTree = "<group>";
		};
		1D8416592A5D62B900E92552 /* NewsManager */ = {
			isa = PBXGroup;
			children = (
				1D8416572A5D62B200E92552 /* NewsCSManager.swift */,
				1D84165A2A5D62D500E92552 /* NewsModel.swift */,
			);
			path = NewsManager;
			sourceTree = "<group>";
		};
		1DCFEA472A458FBD0044CAD4 /* ApiControllers */ = {
			isa = PBXGroup;
			children = (
				1D351A842A46CCCD005832E3 /* For Coins */,
			);
			path = ApiControllers;
			sourceTree = "<group>";
		};
		1DDC813B2A59EAC800AEA3BB /* Reg.Auth.Service */ = {
			isa = PBXGroup;
			children = (
				1DDC81392A59EAC400AEA3BB /* AuthService.swift */,
				1DDC813C2A59EB3300AEA3BB /* extensionsSrv.swift */,
				1DDC813E2A59EB9600AEA3BB /* +View.swift */,
			);
			path = Reg.Auth.Service;
			sourceTree = "<group>";
		};
		1DDC81432A5A9D0000AEA3BB /* cardView */ = {
			isa = PBXGroup;
			children = (
				1DDC81412A5A9CF800AEA3BB /* cardViewToken.swift */,
				1D8416552A5D562A00E92552 /* cardViewExch.swift */,
				1D84165C2A5D65D200E92552 /* cardViewNews.swift */,
			);
			path = cardView;
			sourceTree = "<group>";
		};
/* End PBXGroup section */

/* Begin PBXNativeTarget section */
		1D27FD2F2A44C871006C9359 /* CryptoMetricsSwiftUI */ = {
			isa = PBXNativeTarget;
			buildConfigurationList = 1D27FD3E2A44C874006C9359 /* Build configuration list for PBXNativeTarget "CryptoMetricsSwiftUI" */;
			buildPhases = (
				1D27FD2C2A44C871006C9359 /* Sources */,
				1D27FD2D2A44C871006C9359 /* Frameworks */,
				1D27FD2E2A44C871006C9359 /* Resources */,
			);
			buildRules = (
			);
			dependencies = (
			);
			name = CryptoMetricsSwiftUI;
			packageProductDependencies = (
				1DDC812C2A59E9ED00AEA3BB /* FirebaseAuth */,
				1DDC812E2A59E9ED00AEA3BB /* FirebaseDatabase */,
				1DDC81302A59E9ED00AEA3BB /* FirebaseFirestore */,
				1DDC81322A59E9ED00AEA3BB /* FirebaseStorage */,
				1DDC81352A59EA1200AEA3BB /* GoogleSignIn */,
				1DDC81372A59EA1200AEA3BB /* GoogleSignInSwift */,
			);
			productName = CryptoMetricsSwiftUI;
			productReference = 1D27FD302A44C871006C9359 /* CryptoMetricsSwiftUI.app */;
			productType = "com.apple.product-type.application";
		};
/* End PBXNativeTarget section */

/* Begin PBXProject section */
		1D27FD282A44C871006C9359 /* Project object */ = {
			isa = PBXProject;
			attributes = {
				BuildIndependentTargetsInParallel = 1;
				LastSwiftUpdateCheck = 1430;
				LastUpgradeCheck = 1430;
				TargetAttributes = {
					1D27FD2F2A44C871006C9359 = {
						CreatedOnToolsVersion = 14.3.1;
					};
				};
			};
			buildConfigurationList = 1D27FD2B2A44C871006C9359 /* Build configuration list for PBXProject "CryptoMetricsSwiftUI" */;
			compatibilityVersion = "Xcode 14.0";
			developmentRegion = en;
			hasScannedForEncodings = 0;
			knownRegions = (
				en,
				Base,
			);
			mainGroup = 1D27FD272A44C871006C9359;
			packageReferences = (
				1DDC812B2A59E9ED00AEA3BB /* XCRemoteSwiftPackageReference "firebase-ios-sdk" */,
				1DDC81342A59EA1200AEA3BB /* XCRemoteSwiftPackageReference "GoogleSignIn-iOS" */,
			);
			productRefGroup = 1D27FD312A44C871006C9359 /* Products */;
			projectDirPath = "";
			projectRoot = "";
			targets = (
				1D27FD2F2A44C871006C9359 /* CryptoMetricsSwiftUI */,
			);
		};
/* End PBXProject section */

/* Begin PBXResourcesBuildPhase section */
		1D27FD2E2A44C871006C9359 /* Resources */ = {
			isa = PBXResourcesBuildPhase;
			buildActionMask = 2147483647;
			files = (
				1D27FD3B2A44C874006C9359 /* Preview Assets.xcassets in Resources */,
				1D27FD382A44C874006C9359 /* Assets.xcassets in Resources */,
				1DDC812A2A59E98500AEA3BB /* GoogleService-Info.plist in Resources */,
			);
			runOnlyForDeploymentPostprocessing = 0;
		};
/* End PBXResourcesBuildPhase section */

/* Begin PBXSourcesBuildPhase section */
		1D27FD2C2A44C871006C9359 /* Sources */ = {
			isa = PBXSourcesBuildPhase;
			buildActionMask = 2147483647;
			files = (
				1D27FD362A44C871006C9359 /* HomeView.swift in Sources */,
				1DDC813D2A59EB3300AEA3BB /* extensionsSrv.swift in Sources */,
				1D7FD4FE2A44E1B900293F10 /* TokenView.swift in Sources */,
				1DA3F8372A4723D6006997B8 /* Formatters.swift in Sources */,
				1DCFEA462A458FB70044CAD4 /* APIManager.swift in Sources */,
				1D8416582A5D62B200E92552 /* NewsCSManager.swift in Sources */,
				1DCFEA442A458F900044CAD4 /* GraphView.swift in Sources */,
				1D0E36052A47921C00CB80FE /* RegistrationView.swift in Sources */,
				1DDC813A2A59EAC400AEA3BB /* AuthService.swift in Sources */,
				1D84164D2A5D53A900E92552 /* APIManagerExch.swift in Sources */,
				1D27FD342A44C871006C9359 /* CryptoMetricsSwiftUIApp.swift in Sources */,
				1D7FD5022A44EC4C00293F10 /* OtherView.swift in Sources */,
				1DDC81422A5A9CF800AEA3BB /* cardViewToken.swift in Sources */,
				1D0E36072A47923100CB80FE /* AuthorizationView.swift in Sources */,
				1DDC81452A5ACCA700AEA3BB /* aboutView.swift in Sources */,
				1DDC813F2A59EB9600AEA3BB /* +View.swift in Sources */,
				1D351A892A46CD13005832E3 /* GraphAPIManager.swift in Sources */,
				1D8416522A5D53FC00E92552 /* ExchModel.swift in Sources */,
				1D351A7F2A465A48005832E3 /* ProcentView.swift in Sources */,
				1D7FD5002A44EC3600293F10 /* ProfileView.swift in Sources */,
				1D3B59D12A5C551000052BA3 /* ApiManagerCoinStats.swift in Sources */,
				1DCFEA422A458D6C0044CAD4 /* TableView.swift in Sources */,
				1D3B59D62A5C55EC00052BA3 /* CoinStatsModelToken.swift in Sources */,
				1D0E360A2A4860E600CB80FE /* WebView.swift in Sources */,
				1D84165D2A5D65D200E92552 /* cardViewNews.swift in Sources */,
				1D84165B2A5D62D500E92552 /* NewsModel.swift in Sources */,
				1D7FD5052A44F16B00293F10 /* TapBarView.swift in Sources */,
				1D27FD442A44D1AF006C9359 /* LaunchScreen.swift in Sources */,
				1DCFEA492A458FEF0044CAD4 /* CoinData.swift in Sources */,
				1D8416562A5D562A00E92552 /* cardViewExch.swift in Sources */,
				1D351A812A46AF2B005832E3 /* CoinDetailView.swift in Sources */,
			);
			runOnlyForDeploymentPostprocessing = 0;
		};
/* End PBXSourcesBuildPhase section */

/* Begin XCBuildConfiguration section */
		1D27FD3C2A44C874006C9359 /* Debug */ = {
			isa = XCBuildConfiguration;
			buildSettings = {
				ALWAYS_SEARCH_USER_PATHS = NO;
				CLANG_ANALYZER_NONNULL = YES;
				CLANG_ANALYZER_NUMBER_OBJECT_CONVERSION = YES_AGGRESSIVE;
				CLANG_CXX_LANGUAGE_STANDARD = "gnu++20";
				CLANG_ENABLE_MODULES = YES;
				CLANG_ENABLE_OBJC_ARC = YES;
				CLANG_ENABLE_OBJC_WEAK = YES;
				CLANG_WARN_BLOCK_CAPTURE_AUTORELEASING = YES;
				CLANG_WARN_BOOL_CONVERSION = YES;
				CLANG_WARN_COMMA = YES;
				CLANG_WARN_CONSTANT_CONVERSION = YES;
				CLANG_WARN_DEPRECATED_OBJC_IMPLEMENTATIONS = YES;
				CLANG_WARN_DIRECT_OBJC_ISA_USAGE = YES_ERROR;
				CLANG_WARN_DOCUMENTATION_COMMENTS = YES;
				CLANG_WARN_EMPTY_BODY = YES;
				CLANG_WARN_ENUM_CONVERSION = YES;
				CLANG_WARN_INFINITE_RECURSION = YES;
				CLANG_WARN_INT_CONVERSION = YES;
				CLANG_WARN_NON_LITERAL_NULL_CONVERSION = YES;
				CLANG_WARN_OBJC_IMPLICIT_RETAIN_SELF = YES;
				CLANG_WARN_OBJC_LITERAL_CONVERSION = YES;
				CLANG_WARN_OBJC_ROOT_CLASS = YES_ERROR;
				CLANG_WARN_QUOTED_INCLUDE_IN_FRAMEWORK_HEADER = YES;
				CLANG_WARN_RANGE_LOOP_ANALYSIS = YES;
				CLANG_WARN_STRICT_PROTOTYPES = YES;
				CLANG_WARN_SUSPICIOUS_MOVE = YES;
				CLANG_WARN_UNGUARDED_AVAILABILITY = YES_AGGRESSIVE;
				CLANG_WARN_UNREACHABLE_CODE = YES;
				CLANG_WARN__DUPLICATE_METHOD_MATCH = YES;
				COPY_PHASE_STRIP = NO;
				DEBUG_INFORMATION_FORMAT = dwarf;
				ENABLE_STRICT_OBJC_MSGSEND = YES;
				ENABLE_TESTABILITY = YES;
				GCC_C_LANGUAGE_STANDARD = gnu11;
				GCC_DYNAMIC_NO_PIC = NO;
				GCC_NO_COMMON_BLOCKS = YES;
				GCC_OPTIMIZATION_LEVEL = 0;
				GCC_PREPROCESSOR_DEFINITIONS = (
					"DEBUG=1",
					"$(inherited)",
				);
				GCC_WARN_64_TO_32_BIT_CONVERSION = YES;
				GCC_WARN_ABOUT_RETURN_TYPE = YES_ERROR;
				GCC_WARN_UNDECLARED_SELECTOR = YES;
				GCC_WARN_UNINITIALIZED_AUTOS = YES_AGGRESSIVE;
				GCC_WARN_UNUSED_FUNCTION = YES;
				GCC_WARN_UNUSED_VARIABLE = YES;
				IPHONEOS_DEPLOYMENT_TARGET = 16.0;
				MTL_ENABLE_DEBUG_INFO = INCLUDE_SOURCE;
				MTL_FAST_MATH = YES;
				ONLY_ACTIVE_ARCH = YES;
				SDKROOT = iphoneos;
				SWIFT_ACTIVE_COMPILATION_CONDITIONS = DEBUG;
				SWIFT_OPTIMIZATION_LEVEL = "-Onone";
			};
			name = Debug;
		};
		1D27FD3D2A44C874006C9359 /* Release */ = {
			isa = XCBuildConfiguration;
			buildSettings = {
				ALWAYS_SEARCH_USER_PATHS = NO;
				CLANG_ANALYZER_NONNULL = YES;
				CLANG_ANALYZER_NUMBER_OBJECT_CONVERSION = YES_AGGRESSIVE;
				CLANG_CXX_LANGUAGE_STANDARD = "gnu++20";
				CLANG_ENABLE_MODULES = YES;
				CLANG_ENABLE_OBJC_ARC = YES;
				CLANG_ENABLE_OBJC_WEAK = YES;
				CLANG_WARN_BLOCK_CAPTURE_AUTORELEASING = YES;
				CLANG_WARN_BOOL_CONVERSION = YES;
				CLANG_WARN_COMMA = YES;
				CLANG_WARN_CONSTANT_CONVERSION = YES;
				CLANG_WARN_DEPRECATED_OBJC_IMPLEMENTATIONS = YES;
				CLANG_WARN_DIRECT_OBJC_ISA_USAGE = YES_ERROR;
				CLANG_WARN_DOCUMENTATION_COMMENTS = YES;
				CLANG_WARN_EMPTY_BODY = YES;
				CLANG_WARN_ENUM_CONVERSION = YES;
				CLANG_WARN_INFINITE_RECURSION = YES;
				CLANG_WARN_INT_CONVERSION = YES;
				CLANG_WARN_NON_LITERAL_NULL_CONVERSION = YES;
				CLANG_WARN_OBJC_IMPLICIT_RETAIN_SELF = YES;
				CLANG_WARN_OBJC_LITERAL_CONVERSION = YES;
				CLANG_WARN_OBJC_ROOT_CLASS = YES_ERROR;
				CLANG_WARN_QUOTED_INCLUDE_IN_FRAMEWORK_HEADER = YES;
				CLANG_WARN_RANGE_LOOP_ANALYSIS = YES;
				CLANG_WARN_STRICT_PROTOTYPES = YES;
				CLANG_WARN_SUSPICIOUS_MOVE = YES;
				CLANG_WARN_UNGUARDED_AVAILABILITY = YES_AGGRESSIVE;
				CLANG_WARN_UNREACHABLE_CODE = YES;
				CLANG_WARN__DUPLICATE_METHOD_MATCH = YES;
				COPY_PHASE_STRIP = NO;
				DEBUG_INFORMATION_FORMAT = "dwarf-with-dsym";
				ENABLE_NS_ASSERTIONS = NO;
				ENABLE_STRICT_OBJC_MSGSEND = YES;
				GCC_C_LANGUAGE_STANDARD = gnu11;
				GCC_NO_COMMON_BLOCKS = YES;
				GCC_WARN_64_TO_32_BIT_CONVERSION = YES;
				GCC_WARN_ABOUT_RETURN_TYPE = YES_ERROR;
				GCC_WARN_UNDECLARED_SELECTOR = YES;
				GCC_WARN_UNINITIALIZED_AUTOS = YES_AGGRESSIVE;
				GCC_WARN_UNUSED_FUNCTION = YES;
				GCC_WARN_UNUSED_VARIABLE = YES;
				IPHONEOS_DEPLOYMENT_TARGET = 16.0;
				MTL_ENABLE_DEBUG_INFO = NO;
				MTL_FAST_MATH = YES;
				SDKROOT = iphoneos;
				SWIFT_COMPILATION_MODE = wholemodule;
				SWIFT_OPTIMIZATION_LEVEL = "-O";
				VALIDATE_PRODUCT = YES;
			};
			name = Release;
		};
		1D27FD3F2A44C874006C9359 /* Debug */ = {
			isa = XCBuildConfiguration;
			buildSettings = {
				ASSETCATALOG_COMPILER_APPICON_NAME = AppIcon;
				ASSETCATALOG_COMPILER_GLOBAL_ACCENT_COLOR_NAME = AccentColor;
				CODE_SIGN_STYLE = Automatic;
				CURRENT_PROJECT_VERSION = 1;
				DEVELOPMENT_ASSET_PATHS = "\"CryptoMetricsSwiftUI/Preview Content\"";
				DEVELOPMENT_TEAM = 97A9R2HAY5;
				ENABLE_PREVIEWS = YES;
				GENERATE_INFOPLIST_FILE = YES;
				INFOPLIST_FILE = CryptoMetricsSwiftUI/Info.plist;
				INFOPLIST_KEY_UIApplicationSceneManifest_Generation = YES;
				INFOPLIST_KEY_UIApplicationSupportsIndirectInputEvents = YES;
				INFOPLIST_KEY_UILaunchScreen_Generation = YES;
				INFOPLIST_KEY_UILaunchStoryboardName = Launch.storyboard;
				INFOPLIST_KEY_UIStatusBarStyle = UIStatusBarStyleLightContent;
				INFOPLIST_KEY_UISupportedInterfaceOrientations_iPad = "UIInterfaceOrientationPortrait UIInterfaceOrientationPortraitUpsideDown UIInterfaceOrientationLandscapeLeft UIInterfaceOrientationLandscapeRight";
				INFOPLIST_KEY_UISupportedInterfaceOrientations_iPhone = "UIInterfaceOrientationPortrait UIInterfaceOrientationLandscapeLeft UIInterfaceOrientationLandscapeRight";
				LD_RUNPATH_SEARCH_PATHS = (
					"$(inherited)",
					"@executable_path/Frameworks",
				);
				MARKETING_VERSION = 1.0;
				PRODUCT_BUNDLE_IDENTIFIER = qq.CryptoMetricsSwiftUI;
				PRODUCT_NAME = "$(TARGET_NAME)";
				SWIFT_EMIT_LOC_STRINGS = YES;
				SWIFT_VERSION = 5.0;
				TARGETED_DEVICE_FAMILY = "1,2";
			};
			name = Debug;
		};
		1D27FD402A44C874006C9359 /* Release */ = {
			isa = XCBuildConfiguration;
			buildSettings = {
				ASSETCATALOG_COMPILER_APPICON_NAME = AppIcon;
				ASSETCATALOG_COMPILER_GLOBAL_ACCENT_COLOR_NAME = AccentColor;
				CODE_SIGN_STYLE = Automatic;
				CURRENT_PROJECT_VERSION = 1;
				DEVELOPMENT_ASSET_PATHS = "\"CryptoMetricsSwiftUI/Preview Content\"";
				DEVELOPMENT_TEAM = 97A9R2HAY5;
				ENABLE_PREVIEWS = YES;
				GENERATE_INFOPLIST_FILE = YES;
				INFOPLIST_FILE = CryptoMetricsSwiftUI/Info.plist;
				INFOPLIST_KEY_UIApplicationSceneManifest_Generation = YES;
				INFOPLIST_KEY_UIApplicationSupportsIndirectInputEvents = YES;
				INFOPLIST_KEY_UILaunchScreen_Generation = YES;
				INFOPLIST_KEY_UILaunchStoryboardName = Launch.storyboard;
				INFOPLIST_KEY_UIStatusBarStyle = UIStatusBarStyleLightContent;
				INFOPLIST_KEY_UISupportedInterfaceOrientations_iPad = "UIInterfaceOrientationPortrait UIInterfaceOrientationPortraitUpsideDown UIInterfaceOrientationLandscapeLeft UIInterfaceOrientationLandscapeRight";
				INFOPLIST_KEY_UISupportedInterfaceOrientations_iPhone = "UIInterfaceOrientationPortrait UIInterfaceOrientationLandscapeLeft UIInterfaceOrientationLandscapeRight";
				LD_RUNPATH_SEARCH_PATHS = (
					"$(inherited)",
					"@executable_path/Frameworks",
				);
				MARKETING_VERSION = 1.0;
				PRODUCT_BUNDLE_IDENTIFIER = qq.CryptoMetricsSwiftUI;
				PRODUCT_NAME = "$(TARGET_NAME)";
				SWIFT_EMIT_LOC_STRINGS = YES;
				SWIFT_VERSION = 5.0;
				TARGETED_DEVICE_FAMILY = "1,2";
			};
			name = Release;
		};
/* End XCBuildConfiguration section */

/* Begin XCConfigurationList section */
		1D27FD2B2A44C871006C9359 /* Build configuration list for PBXProject "CryptoMetricsSwiftUI" */ = {
			isa = XCConfigurationList;
			buildConfigurations = (
				1D27FD3C2A44C874006C9359 /* Debug */,
				1D27FD3D2A44C874006C9359 /* Release */,
			);
			defaultConfigurationIsVisible = 0;
			defaultConfigurationName = Release;
		};
		1D27FD3E2A44C874006C9359 /* Build configuration list for PBXNativeTarget "CryptoMetricsSwiftUI" */ = {
			isa = XCConfigurationList;
			buildConfigurations = (
				1D27FD3F2A44C874006C9359 /* Debug */,
				1D27FD402A44C874006C9359 /* Release */,
			);
			defaultConfigurationIsVisible = 0;
			defaultConfigurationName = Release;
		};
/* End XCConfigurationList section */

/* Begin XCRemoteSwiftPackageReference section */
		1DDC812B2A59E9ED00AEA3BB /* XCRemoteSwiftPackageReference "firebase-ios-sdk" */ = {
			isa = XCRemoteSwiftPackageReference;
			repositoryURL = "https://github.com/firebase/firebase-ios-sdk";
			requirement = {
				kind = upToNextMajorVersion;
				minimumVersion = 10.0.0;
			};
		};
		1DDC81342A59EA1200AEA3BB /* XCRemoteSwiftPackageReference "GoogleSignIn-iOS" */ = {
			isa = XCRemoteSwiftPackageReference;
			repositoryURL = "https://github.com/google/GoogleSignIn-iOS";
			requirement = {
				kind = upToNextMajorVersion;
				minimumVersion = 7.0.0;
			};
		};
/* End XCRemoteSwiftPackageReference section */

/* Begin XCSwiftPackageProductDependency section */
		1DDC812C2A59E9ED00AEA3BB /* FirebaseAuth */ = {
			isa = XCSwiftPackageProductDependency;
			package = 1DDC812B2A59E9ED00AEA3BB /* XCRemoteSwiftPackageReference "firebase-ios-sdk" */;
			productName = FirebaseAuth;
		};
		1DDC812E2A59E9ED00AEA3BB /* FirebaseDatabase */ = {
			isa = XCSwiftPackageProductDependency;
			package = 1DDC812B2A59E9ED00AEA3BB /* XCRemoteSwiftPackageReference "firebase-ios-sdk" */;
			productName = FirebaseDatabase;
		};
		1DDC81302A59E9ED00AEA3BB /* FirebaseFirestore */ = {
			isa = XCSwiftPackageProductDependency;
			package = 1DDC812B2A59E9ED00AEA3BB /* XCRemoteSwiftPackageReference "firebase-ios-sdk" */;
			productName = FirebaseFirestore;
		};
		1DDC81322A59E9ED00AEA3BB /* FirebaseStorage */ = {
			isa = XCSwiftPackageProductDependency;
			package = 1DDC812B2A59E9ED00AEA3BB /* XCRemoteSwiftPackageReference "firebase-ios-sdk" */;
			productName = FirebaseStorage;
		};
		1DDC81352A59EA1200AEA3BB /* GoogleSignIn */ = {
			isa = XCSwiftPackageProductDependency;
			package = 1DDC81342A59EA1200AEA3BB /* XCRemoteSwiftPackageReference "GoogleSignIn-iOS" */;
			productName = GoogleSignIn;
		};
		1DDC81372A59EA1200AEA3BB /* GoogleSignInSwift */ = {
			isa = XCSwiftPackageProductDependency;
			package = 1DDC81342A59EA1200AEA3BB /* XCRemoteSwiftPackageReference "GoogleSignIn-iOS" */;
			productName = GoogleSignInSwift;
		};
/* End XCSwiftPackageProductDependency section */
	};
	rootObject = 1D27FD282A44C871006C9359 /* Project object */;
}
